
Microsoft Visual Studio Solution File, Format Version 12.00
# Visual Studio Version 16
VisualStudioVersion = 16.0.30611.23
MinimumVisualStudioVersion = 10.0.40219.1
Project("{FAE04EC0-301F-11D3-BF4B-00C04F79EFBC}") = "XF_FreeDiving.Android", "XF_FreeDiving\XF_FreeDiving.Android\XF_FreeDiving.Android.csproj", "{FF647A00-94E2-4C68-A84B-2A5E3E8A12A7}"
EndProject
Project("{FAE04EC0-301F-11D3-BF4B-00C04F79EFBC}") = "XF_FreeDiving.iOS", "XF_FreeDiving\XF_FreeDiving.iOS\XF_FreeDiving.iOS.csproj", "{FD69DECF-B034-4128-AE31-02333AFC9AFE}"
EndProject
Project("{9A19103F-16F7-4668-BE54-9A1E7A4F7556}") = "XF_FreeDiving", "XF_FreeDiving\XF_FreeDiving\XF_FreeDiving.csproj", "{1128CA53-BF88-45B7-A0F0-6B98A533C147}"
EndProject
Project("{FAE04EC0-301F-11D3-BF4B-00C04F79EFBC}") = "XF_FreeDiving.UWP", "XF_FreeDiving\XF_FreeDiving.UWP\XF_FreeDiving.UWP.csproj", "{E31DB3A4-6535-4A8F-99D5-A3FCB386EC40}"
EndProject
Project("{2150E333-8FDC-42A3-9474-1A3956D46DE8}") = "1.Core", "1.Core", "{603222D6-1A44-40D8-B11F-A32141AB4AB3}"
EndProject
Project("{9A19103F-16F7-4668-BE54-9A1E7A4F7556}") = "XF_FreeDiving.Service", "XF_FreeDiving\XF_FreeDiving.Service\XF_FreeDiving.Service.csproj", "{241021CD-39DB-4128-9193-A81D06CBC57F}"
EndProject
Project("{2150E333-8FDC-42A3-9474-1A3956D46DE8}") = "2.Application", "2.Application", "{31F6CD91-C9DA-4FD4-B0F6-FFC1CD71E820}"
EndProject
Project("{9A19103F-16F7-4668-BE54-9A1E7A4F7556}") = "XF_FreeDiving.Repository", "XF_FreeDiving\XF_FreeDiving.Repository\XF_FreeDiving.Repository.csproj", "{E9F7189E-9C89-4EB2-AAC8-A047DF51AC59}"
EndProject
Project("{2150E333-8FDC-42A3-9474-1A3956D46DE8}") = "3.WebAPI", "3.WebAPI", "{1EB538BA-3ADA-4D1C-8479-228771F20FC5}"
EndProject
Project("{FAE04EC0-301F-11D3-BF4B-00C04F79EFBC}") = "XF_FreeDiving_API", "XF_FreeDiving\XF_FreeDiving_API\XF_FreeDiving_API.csproj", "{650F4510-8E96-41CF-BF2E-94A5D6532A59}"
EndProject
Global
	GlobalSection(SolutionConfigurationPlatforms) = preSolution
		Debug|Any CPU = Debug|Any CPU
		Debug|ARM = Debug|ARM
		Debug|ARM64 = Debug|ARM64
		Debug|iPhone = Debug|iPhone
		Debug|iPhoneSimulator = Debug|iPhoneSimulator
		Debug|x64 = Debug|x64
		Debug|x86 = Debug|x86
		Release|Any CPU = Release|Any CPU
		Release|ARM = Release|ARM
		Release|ARM64 = Release|ARM64
		Release|iPhone = Release|iPhone
		Release|iPhoneSimulator = Release|iPhoneSimulator
		Release|x64 = Release|x64
		Release|x86 = Release|x86
	EndGlobalSection
	GlobalSection(ProjectConfigurationPlatforms) = postSolution
		{FF647A00-94E2-4C68-A84B-2A5E3E8A12A7}.Debug|Any CPU.ActiveCfg = Debug|Any CPU
		{FF647A00-94E2-4C68-A84B-2A5E3E8A12A7}.Debug|Any CPU.Build.0 = Debug|Any CPU
		{FF647A00-94E2-4C68-A84B-2A5E3E8A12A7}.Debug|Any CPU.Deploy.0 = Debug|Any CPU
		{FF647A00-94E2-4C68-A84B-2A5E3E8A12A7}.Debug|ARM.ActiveCfg = Debug|Any CPU
		{FF647A00-94E2-4C68-A84B-2A5E3E8A12A7}.Debug|ARM.Build.0 = Debug|Any CPU
		{FF647A00-94E2-4C68-A84B-2A5E3E8A12A7}.Debug|ARM.Deploy.0 = Debug|Any CPU
		{FF647A00-94E2-4C68-A84B-2A5E3E8A12A7}.Debug|ARM64.ActiveCfg = Debug|Any CPU
		{FF647A00-94E2-4C68-A84B-2A5E3E8A12A7}.Debug|ARM64.Build.0 = Debug|Any CPU
		{FF647A00-94E2-4C68-A84B-2A5E3E8A12A7}.Debug|ARM64.Deploy.0 = Debug|Any CPU
		{FF647A00-94E2-4C68-A84B-2A5E3E8A12A7}.Debug|iPhone.ActiveCfg = Debug|Any CPU
		{FF647A00-94E2-4C68-A84B-2A5E3E8A12A7}.Debug|iPhone.Build.0 = Debug|Any CPU
		{FF647A00-94E2-4C68-A84B-2A5E3E8A12A7}.Debug|iPhone.Deploy.0 = Debug|Any CPU
		{FF647A00-94E2-4C68-A84B-2A5E3E8A12A7}.Debug|iPhoneSimulator.ActiveCfg = Debug|Any CPU
		{FF647A00-94E2-4C68-A84B-2A5E3E8A12A7}.Debug|iPhoneSimulator.Build.0 = Debug|Any CPU
		{FF647A00-94E2-4C68-A84B-2A5E3E8A12A7}.Debug|iPhoneSimulator.Deploy.0 = Debug|Any CPU
		{FF647A00-94E2-4C68-A84B-2A5E3E8A12A7}.Debug|x64.ActiveCfg = Debug|Any CPU
		{FF647A00-94E2-4C68-A84B-2A5E3E8A12A7}.Debug|x64.Build.0 = Debug|Any CPU
		{FF647A00-94E2-4C68-A84B-2A5E3E8A12A7}.Debug|x64.Deploy.0 = Debug|Any CPU
		{FF647A00-94E2-4C68-A84B-2A5E3E8A12A7}.Debug|x86.ActiveCfg = Debug|Any CPU
		{FF647A00-94E2-4C68-A84B-2A5E3E8A12A7}.Debug|x86.Build.0 = Debug|Any CPU
		{FF647A00-94E2-4C68-A84B-2A5E3E8A12A7}.Debug|x86.Deploy.0 = Debug|Any CPU
		{FF647A00-94E2-4C68-A84B-2A5E3E8A12A7}.Release|Any CPU.ActiveCfg = Release|Any CPU
		{FF647A00-94E2-4C68-A84B-2A5E3E8A12A7}.Release|Any CPU.Build.0 = Release|Any CPU
		{FF647A00-94E2-4C68-A84B-2A5E3E8A12A7}.Release|Any CPU.Deploy.0 = Release|Any CPU
		{FF647A00-94E2-4C68-A84B-2A5E3E8A12A7}.Release|ARM.ActiveCfg = Release|Any CPU
		{FF647A00-94E2-4C68-A84B-2A5E3E8A12A7}.Release|ARM.Build.0 = Release|Any CPU
		{FF647A00-94E2-4C68-A84B-2A5E3E8A12A7}.Release|ARM.Deploy.0 = Release|Any CPU
		{FF647A00-94E2-4C68-A84B-2A5E3E8A12A7}.Release|ARM64.ActiveCfg = Release|Any CPU
		{FF647A00-94E2-4C68-A84B-2A5E3E8A12A7}.Release|ARM64.Build.0 = Release|Any CPU
		{FF647A00-94E2-4C68-A84B-2A5E3E8A12A7}.Release|ARM64.Deploy.0 = Release|Any CPU
		{FF647A00-94E2-4C68-A84B-2A5E3E8A12A7}.Release|iPhone.ActiveCfg = Release|Any CPU
		{FF647A00-94E2-4C68-A84B-2A5E3E8A12A7}.Release|iPhone.Build.0 = Release|Any CPU
		{FF647A00-94E2-4C68-A84B-2A5E3E8A12A7}.Release|iPhone.Deploy.0 = Release|Any CPU
		{FF647A00-94E2-4C68-A84B-2A5E3E8A12A7}.Release|iPhoneSimulator.ActiveCfg = Release|Any CPU
		{FF647A00-94E2-4C68-A84B-2A5E3E8A12A7}.Release|iPhoneSimulator.Build.0 = Release|Any CPU
		{FF647A00-94E2-4C68-A84B-2A5E3E8A12A7}.Release|iPhoneSimulator.Deploy.0 = Release|Any CPU
		{FF647A00-94E2-4C68-A84B-2A5E3E8A12A7}.Release|x64.ActiveCfg = Release|Any CPU
		{FF647A00-94E2-4C68-A84B-2A5E3E8A12A7}.Release|x64.Build.0 = Release|Any CPU
		{FF647A00-94E2-4C68-A84B-2A5E3E8A12A7}.Release|x64.Deploy.0 = Release|Any CPU
		{FF647A00-94E2-4C68-A84B-2A5E3E8A12A7}.Release|x86.ActiveCfg = Release|Any CPU
		{FF647A00-94E2-4C68-A84B-2A5E3E8A12A7}.Release|x86.Build.0 = Release|Any CPU
		{FF647A00-94E2-4C68-A84B-2A5E3E8A12A7}.Release|x86.Deploy.0 = Release|Any CPU
		{FD69DECF-B034-4128-AE31-02333AFC9AFE}.Debug|Any CPU.ActiveCfg = Debug|iPhone
		{FD69DECF-B034-4128-AE31-02333AFC9AFE}.Debug|Any CPU.Deploy.0 = Debug|iPhone
		{FD69DECF-B034-4128-AE31-02333AFC9AFE}.Debug|ARM.ActiveCfg = Debug|iPhoneSimulator
		{FD69DECF-B034-4128-AE31-02333AFC9AFE}.Debug|ARM64.ActiveCfg = Debug|iPhoneSimulator
		{FD69DECF-B034-4128-AE31-02333AFC9AFE}.Debug|iPhone.ActiveCfg = Debug|iPhone
		{FD69DECF-B034-4128-AE31-02333AFC9AFE}.Debug|iPhone.Build.0 = Debug|iPhone
		{FD69DECF-B034-4128-AE31-02333AFC9AFE}.Debug|iPhone.Deploy.0 = Debug|iPhone
		{FD69DECF-B034-4128-AE31-02333AFC9AFE}.Debug|iPhoneSimulator.ActiveCfg = Debug|iPhoneSimulator
		{FD69DECF-B034-4128-AE31-02333AFC9AFE}.Debug|iPhoneSimulator.Build.0 = Debug|iPhoneSimulator
		{FD69DECF-B034-4128-AE31-02333AFC9AFE}.Debug|iPhoneSimulator.Deploy.0 = Debug|iPhoneSimulator
		{FD69DECF-B034-4128-AE31-02333AFC9AFE}.Debug|x64.ActiveCfg = Debug|iPhoneSimulator
		{FD69DECF-B034-4128-AE31-02333AFC9AFE}.Debug|x86.ActiveCfg = Debug|iPhoneSimulator
		{FD69DECF-B034-4128-AE31-02333AFC9AFE}.Release|Any CPU.ActiveCfg = Release|iPhoneSimulator
		{FD69DECF-B034-4128-AE31-02333AFC9AFE}.Release|Any CPU.Build.0 = Release|iPhoneSimulator
		{FD69DECF-B034-4128-AE31-02333AFC9AFE}.Release|Any CPU.Deploy.0 = Release|iPhoneSimulator
		{FD69DECF-B034-4128-AE31-02333AFC9AFE}.Release|ARM.ActiveCfg = Release|iPhone
		{FD69DECF-B034-4128-AE31-02333AFC9AFE}.Release|ARM64.ActiveCfg = Release|iPhone
		{FD69DECF-B034-4128-AE31-02333AFC9AFE}.Release|iPhone.ActiveCfg = Release|iPhone
		{FD69DECF-B034-4128-AE31-02333AFC9AFE}.Release|iPhone.Build.0 = Release|iPhone
		{FD69DECF-B034-4128-AE31-02333AFC9AFE}.Release|iPhone.Deploy.0 = Release|iPhone
		{FD69DECF-B034-4128-AE31-02333AFC9AFE}.Release|iPhoneSimulator.ActiveCfg = Release|iPhoneSimulator
		{FD69DECF-B034-4128-AE31-02333AFC9AFE}.Release|iPhoneSimulator.Build.0 = Release|iPhoneSimulator
		{FD69DECF-B034-4128-AE31-02333AFC9AFE}.Release|iPhoneSimulator.Deploy.0 = Release|iPhoneSimulator
		{FD69DECF-B034-4128-AE31-02333AFC9AFE}.Release|x64.ActiveCfg = Release|iPhone
		{FD69DECF-B034-4128-AE31-02333AFC9AFE}.Release|x86.ActiveCfg = Release|iPhone
		{1128CA53-BF88-45B7-A0F0-6B98A533C147}.Debug|Any CPU.ActiveCfg = Debug|Any CPU
		{1128CA53-BF88-45B7-A0F0-6B98A533C147}.Debug|Any CPU.Build.0 = Debug|Any CPU
		{1128CA53-BF88-45B7-A0F0-6B98A533C147}.Debug|Any CPU.Deploy.0 = Debug|Any CPU
		{1128CA53-BF88-45B7-A0F0-6B98A533C147}.Debug|ARM.ActiveCfg = Debug|Any CPU
		{1128CA53-BF88-45B7-A0F0-6B98A533C147}.Debug|ARM.Build.0 = Debug|Any CPU
		{1128CA53-BF88-45B7-A0F0-6B98A533C147}.Debug|ARM64.ActiveCfg = Debug|Any CPU
		{1128CA53-BF88-45B7-A0F0-6B98A533C147}.Debug|ARM64.Build.0 = Debug|Any CPU
		{1128CA53-BF88-45B7-A0F0-6B98A533C147}.Debug|iPhone.ActiveCfg = Debug|Any CPU
		{1128CA53-BF88-45B7-A0F0-6B98A533C147}.Debug|iPhone.Build.0 = Debug|Any CPU
		{1128CA53-BF88-45B7-A0F0-6B98A533C147}.Debug|iPhone.Deploy.0 = Debug|Any CPU
		{1128CA53-BF88-45B7-A0F0-6B98A533C147}.Debug|iPhoneSimulator.ActiveCfg = Debug|Any CPU
		{1128CA53-BF88-45B7-A0F0-6B98A533C147}.Debug|iPhoneSimulator.Build.0 = Debug|Any CPU
		{1128CA53-BF88-45B7-A0F0-6B98A533C147}.Debug|iPhoneSimulator.Deploy.0 = Debug|Any CPU
		{1128CA53-BF88-45B7-A0F0-6B98A533C147}.Debug|x64.ActiveCfg = Debug|Any CPU
		{1128CA53-BF88-45B7-A0F0-6B98A533C147}.Debug|x64.Build.0 = Debug|Any CPU
		{1128CA53-BF88-45B7-A0F0-6B98A533C147}.Debug|x86.ActiveCfg = Debug|Any CPU
		{1128CA53-BF88-45B7-A0F0-6B98A533C147}.Debug|x86.Build.0 = Debug|Any CPU
		{1128CA53-BF88-45B7-A0F0-6B98A533C147}.Release|Any CPU.ActiveCfg = Release|Any CPU
		{1128CA53-BF88-45B7-A0F0-6B98A533C147}.Release|Any CPU.Build.0 = Release|Any CPU
		{1128CA53-BF88-45B7-A0F0-6B98A533C147}.Release|Any CPU.Deploy.0 = Release|Any CPU
		{1128CA53-BF88-45B7-A0F0-6B98A533C147}.Release|ARM.ActiveCfg = Release|Any CPU
		{1128CA53-BF88-45B7-A0F0-6B98A533C147}.Release|ARM.Build.0 = Release|Any CPU
		{1128CA53-BF88-45B7-A0F0-6B98A533C147}.Release|ARM64.ActiveCfg = Release|Any CPU
		{1128CA53-BF88-45B7-A0F0-6B98A533C147}.Release|ARM64.Build.0 = Release|Any CPU
		{1128CA53-BF88-45B7-A0F0-6B98A533C147}.Release|iPhone.ActiveCfg = Release|Any CPU
		{1128CA53-BF88-45B7-A0F0-6B98A533C147}.Release|iPhone.Build.0 = Release|Any CPU
		{1128CA53-BF88-45B7-A0F0-6B98A533C147}.Release|iPhone.Deploy.0 = Release|Any CPU
		{1128CA53-BF88-45B7-A0F0-6B98A533C147}.Release|iPhoneSimulator.ActiveCfg = Release|Any CPU
		{1128CA53-BF88-45B7-A0F0-6B98A533C147}.Release|iPhoneSimulator.Build.0 = Release|Any CPU
		{1128CA53-BF88-45B7-A0F0-6B98A533C147}.Release|iPhoneSimulator.Deploy.0 = Release|Any CPU
		{1128CA53-BF88-45B7-A0F0-6B98A533C147}.Release|x64.ActiveCfg = Release|Any CPU
		{1128CA53-BF88-45B7-A0F0-6B98A533C147}.Release|x64.Build.0 = Release|Any CPU
		{1128CA53-BF88-45B7-A0F0-6B98A533C147}.Release|x86.ActiveCfg = Release|Any CPU
		{1128CA53-BF88-45B7-A0F0-6B98A533C147}.Release|x86.Build.0 = Release|Any CPU
		{E31DB3A4-6535-4A8F-99D5-A3FCB386EC40}.Debug|Any CPU.ActiveCfg = Debug|x86
		{E31DB3A4-6535-4A8F-99D5-A3FCB386EC40}.Debug|Any CPU.Build.0 = Debug|x86
		{E31DB3A4-6535-4A8F-99D5-A3FCB386EC40}.Debug|Any CPU.Deploy.0 = Debug|x86
		{E31DB3A4-6535-4A8F-99D5-A3FCB386EC40}.Debug|ARM.ActiveCfg = Debug|ARM
		{E31DB3A4-6535-4A8F-99D5-A3FCB386EC40}.Debug|ARM.Build.0 = Debug|ARM
		{E31DB3A4-6535-4A8F-99D5-A3FCB386EC40}.Debug|ARM.Deploy.0 = Debug|ARM
		{E31DB3A4-6535-4A8F-99D5-A3FCB386EC40}.Debug|ARM64.ActiveCfg = Debug|ARM64
		{E31DB3A4-6535-4A8F-99D5-A3FCB386EC40}.Debug|ARM64.Build.0 = Debug|ARM64
		{E31DB3A4-6535-4A8F-99D5-A3FCB386EC40}.Debug|ARM64.Deploy.0 = Debug|ARM64
		{E31DB3A4-6535-4A8F-99D5-A3FCB386EC40}.Debug|iPhone.ActiveCfg = Debug|x86
		{E31DB3A4-6535-4A8F-99D5-A3FCB386EC40}.Debug|iPhoneSimulator.ActiveCfg = Debug|x86
		{E31DB3A4-6535-4A8F-99D5-A3FCB386EC40}.Debug|x64.ActiveCfg = Debug|x64
		{E31DB3A4-6535-4A8F-99D5-A3FCB386EC40}.Debug|x64.Build.0 = Debug|x64
		{E31DB3A4-6535-4A8F-99D5-A3FCB386EC40}.Debug|x64.Deploy.0 = Debug|x64
		{E31DB3A4-6535-4A8F-99D5-A3FCB386EC40}.Debug|x86.ActiveCfg = Debug|x86
		{E31DB3A4-6535-4A8F-99D5-A3FCB386EC40}.Debug|x86.Build.0 = Debug|x86
		{E31DB3A4-6535-4A8F-99D5-A3FCB386EC40}.Debug|x86.Deploy.0 = Debug|x86
		{E31DB3A4-6535-4A8F-99D5-A3FCB386EC40}.Release|Any CPU.ActiveCfg = Release|x86
		{E31DB3A4-6535-4A8F-99D5-A3FCB386EC40}.Release|ARM.ActiveCfg = Release|ARM
		{E31DB3A4-6535-4A8F-99D5-A3FCB386EC40}.Release|ARM.Build.0 = Release|ARM
		{E31DB3A4-6535-4A8F-99D5-A3FCB386EC40}.Release|ARM.Deploy.0 = Release|ARM
		{E31DB3A4-6535-4A8F-99D5-A3FCB386EC40}.Release|ARM64.ActiveCfg = Release|ARM64
		{E31DB3A4-6535-4A8F-99D5-A3FCB386EC40}.Release|ARM64.Build.0 = Release|ARM64
		{E31DB3A4-6535-4A8F-99D5-A3FCB386EC40}.Release|ARM64.Deploy.0 = Release|ARM64
		{E31DB3A4-6535-4A8F-99D5-A3FCB386EC40}.Release|iPhone.ActiveCfg = Release|x86
		{E31DB3A4-6535-4A8F-99D5-A3FCB386EC40}.Release|iPhoneSimulator.ActiveCfg = Release|x86
		{E31DB3A4-6535-4A8F-99D5-A3FCB386EC40}.Release|x64.ActiveCfg = Release|x64
		{E31DB3A4-6535-4A8F-99D5-A3FCB386EC40}.Release|x64.Build.0 = Release|x64
		{E31DB3A4-6535-4A8F-99D5-A3FCB386EC40}.Release|x64.Deploy.0 = Release|x64
		{E31DB3A4-6535-4A8F-99D5-A3FCB386EC40}.Release|x86.ActiveCfg = Release|x86
		{E31DB3A4-6535-4A8F-99D5-A3FCB386EC40}.Release|x86.Build.0 = Release|x86
		{E31DB3A4-6535-4A8F-99D5-A3FCB386EC40}.Release|x86.Deploy.0 = Release|x86
		{241021CD-39DB-4128-9193-A81D06CBC57F}.Debug|Any CPU.ActiveCfg = Debug|Any CPU
		{241021CD-39DB-4128-9193-A81D06CBC57F}.Debug|Any CPU.Build.0 = Debug|Any CPU
		{241021CD-39DB-4128-9193-A81D06CBC57F}.Debug|ARM.ActiveCfg = Debug|Any CPU
		{241021CD-39DB-4128-9193-A81D06CBC57F}.Debug|ARM.Build.0 = Debug|Any CPU
		{241021CD-39DB-4128-9193-A81D06CBC57F}.Debug|ARM64.ActiveCfg = Debug|Any CPU
		{241021CD-39DB-4128-9193-A81D06CBC57F}.Debug|ARM64.Build.0 = Debug|Any CPU
		{241021CD-39DB-4128-9193-A81D06CBC57F}.Debug|iPhone.ActiveCfg = Debug|Any CPU
		{241021CD-39DB-4128-9193-A81D06CBC57F}.Debug|iPhone.Build.0 = Debug|Any CPU
		{241021CD-39DB-4128-9193-A81D06CBC57F}.Debug|iPhoneSimulator.ActiveCfg = Debug|Any CPU
		{241021CD-39DB-4128-9193-A81D06CBC57F}.Debug|iPhoneSimulator.Build.0 = Debug|Any CPU
		{241021CD-39DB-4128-9193-A81D06CBC57F}.Debug|x64.ActiveCfg = Debug|Any CPU
		{241021CD-39DB-4128-9193-A81D06CBC57F}.Debug|x64.Build.0 = Debug|Any CPU
		{241021CD-39DB-4128-9193-A81D06CBC57F}.Debug|x86.ActiveCfg = Debug|Any CPU
		{241021CD-39DB-4128-9193-A81D06CBC57F}.Debug|x86.Build.0 = Debug|Any CPU
		{241021CD-39DB-4128-9193-A81D06CBC57F}.Release|Any CPU.ActiveCfg = Release|Any CPU
		{241021CD-39DB-4128-9193-A81D06CBC57F}.Release|Any CPU.Build.0 = Release|Any CPU
		{241021CD-39DB-4128-9193-A81D06CBC57F}.Release|ARM.ActiveCfg = Release|Any CPU
		{241021CD-39DB-4128-9193-A81D06CBC57F}.Release|ARM.Build.0 = Release|Any CPU
		{241021CD-39DB-4128-9193-A81D06CBC57F}.Release|ARM64.ActiveCfg = Release|Any CPU
		{241021CD-39DB-4128-9193-A81D06CBC57F}.Release|ARM64.Build.0 = Release|Any CPU
		{241021CD-39DB-4128-9193-A81D06CBC57F}.Release|iPhone.ActiveCfg = Release|Any CPU
		{241021CD-39DB-4128-9193-A81D06CBC57F}.Release|iPhone.Build.0 = Release|Any CPU
		{241021CD-39DB-4128-9193-A81D06CBC57F}.Release|iPhoneSimulator.ActiveCfg = Release|Any CPU
		{241021CD-39DB-4128-9193-A81D06CBC57F}.Release|iPhoneSimulator.Build.0 = Release|Any CPU
		{241021CD-39DB-4128-9193-A81D06CBC57F}.Release|x64.ActiveCfg = Release|Any CPU
		{241021CD-39DB-4128-9193-A81D06CBC57F}.Release|x64.Build.0 = Release|Any CPU
		{241021CD-39DB-4128-9193-A81D06CBC57F}.Release|x86.ActiveCfg = Release|Any CPU
		{241021CD-39DB-4128-9193-A81D06CBC57F}.Release|x86.Build.0 = Release|Any CPU
		{E9F7189E-9C89-4EB2-AAC8-A047DF51AC59}.Debug|Any CPU.ActiveCfg = Debug|Any CPU
		{E9F7189E-9C89-4EB2-AAC8-A047DF51AC59}.Debug|Any CPU.Build.0 = Debug|Any CPU
		{E9F7189E-9C89-4EB2-AAC8-A047DF51AC59}.Debug|ARM.ActiveCfg = Debug|Any CPU
		{E9F7189E-9C89-4EB2-AAC8-A047DF51AC59}.Debug|ARM.Build.0 = Debug|Any CPU
		{E9F7189E-9C89-4EB2-AAC8-A047DF51AC59}.Debug|ARM64.ActiveCfg = Debug|Any CPU
		{E9F7189E-9C89-4EB2-AAC8-A047DF51AC59}.Debug|ARM64.Build.0 = Debug|Any CPU
		{E9F7189E-9C89-4EB2-AAC8-A047DF51AC59}.Debug|iPhone.ActiveCfg = Debug|Any CPU
		{E9F7189E-9C89-4EB2-AAC8-A047DF51AC59}.Debug|iPhone.Build.0 = Debug|Any CPU
		{E9F7189E-9C89-4EB2-AAC8-A047DF51AC59}.Debug|iPhoneSimulator.ActiveCfg = Debug|Any CPU
		{E9F7189E-9C89-4EB2-AAC8-A047DF51AC59}.Debug|iPhoneSimulator.Build.0 = Debug|Any CPU
		{E9F7189E-9C89-4EB2-AAC8-A047DF51AC59}.Debug|x64.ActiveCfg = Debug|Any CPU
		{E9F7189E-9C89-4EB2-AAC8-A047DF51AC59}.Debug|x64.Build.0 = Debug|Any CPU
		{E9F7189E-9C89-4EB2-AAC8-A047DF51AC59}.Debug|x86.ActiveCfg = Debug|Any CPU
		{E9F7189E-9C89-4EB2-AAC8-A047DF51AC59}.Debug|x86.Build.0 = Debug|Any CPU
		{E9F7189E-9C89-4EB2-AAC8-A047DF51AC59}.Release|Any CPU.ActiveCfg = Release|Any CPU
		{E9F7189E-9C89-4EB2-AAC8-A047DF51AC59}.Release|Any CPU.Build.0 = Release|Any CPU
		{E9F7189E-9C89-4EB2-AAC8-A047DF51AC59}.Release|ARM.ActiveCfg = Release|Any CPU
		{E9F7189E-9C89-4EB2-AAC8-A047DF51AC59}.Release|ARM.Build.0 = Release|Any CPU
		{E9F7189E-9C89-4EB2-AAC8-A047DF51AC59}.Release|ARM64.ActiveCfg = Release|Any CPU
		{E9F7189E-9C89-4EB2-AAC8-A047DF51AC59}.Release|ARM64.Build.0 = Release|Any CPU
		{E9F7189E-9C89-4EB2-AAC8-A047DF51AC59}.Release|iPhone.ActiveCfg = Release|Any CPU
		{E9F7189E-9C89-4EB2-AAC8-A047DF51AC59}.Release|iPhone.Build.0 = Release|Any CPU
		{E9F7189E-9C89-4EB2-AAC8-A047DF51AC59}.Release|iPhoneSimulator.ActiveCfg = Release|Any CPU
		{E9F7189E-9C89-4EB2-AAC8-A047DF51AC59}.Release|iPhoneSimulator.Build.0 = Release|Any CPU
		{E9F7189E-9C89-4EB2-AAC8-A047DF51AC59}.Release|x64.ActiveCfg = Release|Any CPU
		{E9F7189E-9C89-4EB2-AAC8-A047DF51AC59}.Release|x64.Build.0 = Release|Any CPU
		{E9F7189E-9C89-4EB2-AAC8-A047DF51AC59}.Release|x86.ActiveCfg = Release|Any CPU
		{E9F7189E-9C89-4EB2-AAC8-A047DF51AC59}.Release|x86.Build.0 = Release|Any CPU
		{650F4510-8E96-41CF-BF2E-94A5D6532A59}.Debug|Any CPU.ActiveCfg = Debug|Any CPU
		{650F4510-8E96-41CF-BF2E-94A5D6532A59}.Debug|Any CPU.Build.0 = Debug|Any CPU
		{650F4510-8E96-41CF-BF2E-94A5D6532A59}.Debug|ARM.ActiveCfg = Debug|Any CPU
		{650F4510-8E96-41CF-BF2E-94A5D6532A59}.Debug|ARM.Build.0 = Debug|Any CPU
		{650F4510-8E96-41CF-BF2E-94A5D6532A59}.Debug|ARM64.ActiveCfg = Debug|Any CPU
		{650F4510-8E96-41CF-BF2E-94A5D6532A59}.Debug|ARM64.Build.0 = Debug|Any CPU
		{650F4510-8E96-41CF-BF2E-94A5D6532A59}.Debug|iPhone.ActiveCfg = Debug|Any CPU
		{650F4510-8E96-41CF-BF2E-94A5D6532A59}.Debug|iPhone.Build.0 = Debug|Any CPU
		{650F4510-8E96-41CF-BF2E-94A5D6532A59}.Debug|iPhoneSimulator.ActiveCfg = Debug|Any CPU
		{650F4510-8E96-41CF-BF2E-94A5D6532A59}.Debug|iPhoneSimulator.Build.0 = Debug|Any CPU
		{650F4510-8E96-41CF-BF2E-94A5D6532A59}.Debug|x64.ActiveCfg = Debug|Any CPU
		{650F4510-8E96-41CF-BF2E-94A5D6532A59}.Debug|x64.Build.0 = Debug|Any CPU
		{650F4510-8E96-41CF-BF2E-94A5D6532A59}.Debug|x86.ActiveCfg = Debug|Any CPU
		{650F4510-8E96-41CF-BF2E-94A5D6532A59}.Debug|x86.Build.0 = Debug|Any CPU
		{650F4510-8E96-41CF-BF2E-94A5D6532A59}.Release|Any CPU.ActiveCfg = Release|Any CPU
		{650F4510-8E96-41CF-BF2E-94A5D6532A59}.Release|Any CPU.Build.0 = Release|Any CPU
		{650F4510-8E96-41CF-BF2E-94A5D6532A59}.Release|ARM.ActiveCfg = Release|Any CPU
		{650F4510-8E96-41CF-BF2E-94A5D6532A59}.Release|ARM.Build.0 = Release|Any CPU
		{650F4510-8E96-41CF-BF2E-94A5D6532A59}.Release|ARM64.ActiveCfg = Release|Any CPU
		{650F4510-8E96-41CF-BF2E-94A5D6532A59}.Release|ARM64.Build.0 = Release|Any CPU
		{650F4510-8E96-41CF-BF2E-94A5D6532A59}.Release|iPhone.ActiveCfg = Release|Any CPU
		{650F4510-8E96-41CF-BF2E-94A5D6532A59}.Release|iPhone.Build.0 = Release|Any CPU
		{650F4510-8E96-41CF-BF2E-94A5D6532A59}.Release|iPhoneSimulator.ActiveCfg = Release|Any CPU
		{650F4510-8E96-41CF-BF2E-94A5D6532A59}.Release|iPhoneSimulator.Build.0 = Release|Any CPU
		{650F4510-8E96-41CF-BF2E-94A5D6532A59}.Release|x64.ActiveCfg = Release|Any CPU
		{650F4510-8E96-41CF-BF2E-94A5D6532A59}.Release|x64.Build.0 = Release|Any CPU
		{650F4510-8E96-41CF-BF2E-94A5D6532A59}.Release|x86.ActiveCfg = Release|Any CPU
		{650F4510-8E96-41CF-BF2E-94A5D6532A59}.Release|x86.Build.0 = Release|Any CPU
	EndGlobalSection
	GlobalSection(SolutionProperties) = preSolution
		HideSolutionNode = FALSE
	EndGlobalSection
	GlobalSection(NestedProjects) = preSolution
		{FF647A00-94E2-4C68-A84B-2A5E3E8A12A7} = {31F6CD91-C9DA-4FD4-B0F6-FFC1CD71E820}
		{FD69DECF-B034-4128-AE31-02333AFC9AFE} = {31F6CD91-C9DA-4FD4-B0F6-FFC1CD71E820}
		{1128CA53-BF88-45B7-A0F0-6B98A533C147} = {31F6CD91-C9DA-4FD4-B0F6-FFC1CD71E820}
		{E31DB3A4-6535-4A8F-99D5-A3FCB386EC40} = {31F6CD91-C9DA-4FD4-B0F6-FFC1CD71E820}
		{241021CD-39DB-4128-9193-A81D06CBC57F} = {603222D6-1A44-40D8-B11F-A32141AB4AB3}
		{E9F7189E-9C89-4EB2-AAC8-A047DF51AC59} = {603222D6-1A44-40D8-B11F-A32141AB4AB3}
		{650F4510-8E96-41CF-BF2E-94A5D6532A59} = {1EB538BA-3ADA-4D1C-8479-228771F20FC5}
	EndGlobalSection
	GlobalSection(ExtensibilityGlobals) = postSolution
		SolutionGuid = {A06D2AD2-A5C4-43C8-8C81-6116E64265DB}
	EndGlobalSection
EndGlobal
